
Microsoft Visual Studio Solution File, Format Version 12.00
# Visual Studio Version 17
VisualStudioVersion = 17.14.36414.22 d17.14
MinimumVisualStudioVersion = 10.0.40219.1
Project("{FAE04EC0-301F-11D3-BF4B-00C04F79EFBC}") = "Prueba1PuruncajasVayas", "Prueba1PuruncajasVayas.csproj", "{58E5FB89-C31C-40F7-BF9E-BD1C7D3D07E2}"
EndProject
Global
	GlobalSection(SolutionConfigurationPlatforms) = preSolution
		Debug|Any CPU = Debug|Any CPU
		Release|Any CPU = Release|Any CPU
	EndGlobalSection
	GlobalSection(ProjectConfigurationPlatforms) = postSolution
		{58E5FB89-C31C-40F7-BF9E-BD1C7D3D07E2}.Debug|Any CPU.ActiveCfg = Debug|Any CPU
		{58E5FB89-C31C-40F7-BF9E-BD1C7D3D07E2}.Debug|Any CPU.Build.0 = Debug|Any CPU
		{58E5FB89-C31C-40F7-BF9E-BD1C7D3D07E2}.Release|Any CPU.ActiveCfg = Release|Any CPU
		{58E5FB89-C31C-40F7-BF9E-BD1C7D3D07E2}.Release|Any CPU.Build.0 = Release|Any CPU
	EndGlobalSection
	GlobalSection(SolutionProperties) = preSolution
		HideSolutionNode = FALSE
	EndGlobalSection
	GlobalSection(ExtensibilityGlobals) = postSolution
		SolutionGuid = {A12081E0-DBCC-4166-900F-6BC79DE64958}
	EndGlobalSection
EndGlobal
